// !$*UTF8*$!
{
	archiveVersion = 1;
	classes = {
	};
	objectVersion = 46;
	objects = {

/* Begin PBXBuildFile section */
		3AFA7E621F64459000CC1D2D /* main.m in Sources */ = {isa = PBXBuildFile; fileRef = 3AFA7E611F64459000CC1D2D /* main.m */; };
		3AFA7E651F64459000CC1D2D /* AppDelegate.m in Sources */ = {isa = PBXBuildFile; fileRef = 3AFA7E641F64459000CC1D2D /* AppDelegate.m */; };
		3AFA7E6B1F64459000CC1D2D /* Main.storyboard in Resources */ = {isa = PBXBuildFile; fileRef = 3AFA7E691F64459000CC1D2D /* Main.storyboard */; };
		3AFA7E6D1F64459000CC1D2D /* Assets.xcassets in Resources */ = {isa = PBXBuildFile; fileRef = 3AFA7E6C1F64459000CC1D2D /* Assets.xcassets */; };
		3AFA7E701F64459000CC1D2D /* LaunchScreen.storyboard in Resources */ = {isa = PBXBuildFile; fileRef = 3AFA7E6E1F64459000CC1D2D /* LaunchScreen.storyboard */; };
		3AFA7E7B1F64459000CC1D2D /* LBBaiSiTests.m in Sources */ = {isa = PBXBuildFile; fileRef = 3AFA7E7A1F64459000CC1D2D /* LBBaiSiTests.m */; };
		3AFA7E861F64459000CC1D2D /* LBBaiSiUITests.m in Sources */ = {isa = PBXBuildFile; fileRef = 3AFA7E851F64459000CC1D2D /* LBBaiSiUITests.m */; };
		3AFA7E9D1F6450FB00CC1D2D /* LBBSTabBarController.m in Sources */ = {isa = PBXBuildFile; fileRef = 3AFA7E9C1F6450FB00CC1D2D /* LBBSTabBarController.m */; };
/* End PBXBuildFile section */

/* Begin PBXContainerItemProxy section */
		3AFA7E771F64459000CC1D2D /* PBXContainerItemProxy */ = {
			isa = PBXContainerItemProxy;
			containerPortal = 3AFA7E551F64459000CC1D2D /* Project object */;
			proxyType = 1;
			remoteGlobalIDString = 3AFA7E5C1F64459000CC1D2D;
			remoteInfo = LBBaiSi;
		};
		3AFA7E821F64459000CC1D2D /* PBXContainerItemProxy */ = {
			isa = PBXContainerItemProxy;
			containerPortal = 3AFA7E551F64459000CC1D2D /* Project object */;
			proxyType = 1;
			remoteGlobalIDString = 3AFA7E5C1F64459000CC1D2D;
			remoteInfo = LBBaiSi;
		};
/* End PBXContainerItemProxy section */

/* Begin PBXFileReference section */
		3AFA7E5D1F64459000CC1D2D /* LBBaiSi.app */ = {isa = PBXFileReference; explicitFileType = wrapper.application; includeInIndex = 0; path = LBBaiSi.app; sourceTree = BUILT_PRODUCTS_DIR; };
		3AFA7E611F64459000CC1D2D /* main.m */ = {isa = PBXFileReference; lastKnownFileType = sourcecode.c.objc; path = main.m; sourceTree = "<group>"; };
		3AFA7E631F64459000CC1D2D /* AppDelegate.h */ = {isa = PBXFileReference; lastKnownFileType = sourcecode.c.h; path = AppDelegate.h; sourceTree = "<group>"; };
		3AFA7E641F64459000CC1D2D /* AppDelegate.m */ = {isa = PBXFileReference; lastKnownFileType = sourcecode.c.objc; path = AppDelegate.m; sourceTree = "<group>"; };
		3AFA7E6A1F64459000CC1D2D /* Base */ = {isa = PBXFileReference; lastKnownFileType = file.storyboard; name = Base; path = Base.lproj/Main.storyboard; sourceTree = "<group>"; };
		3AFA7E6C1F64459000CC1D2D /* Assets.xcassets */ = {isa = PBXFileReference; lastKnownFileType = folder.assetcatalog; path = Assets.xcassets; sourceTree = "<group>"; };
		3AFA7E6F1F64459000CC1D2D /* Base */ = {isa = PBXFileReference; lastKnownFileType = file.storyboard; name = Base; path = Base.lproj/LaunchScreen.storyboard; sourceTree = "<group>"; };
		3AFA7E711F64459000CC1D2D /* Info.plist */ = {isa = PBXFileReference; lastKnownFileType = text.plist.xml; path = Info.plist; sourceTree = "<group>"; };
		3AFA7E761F64459000CC1D2D /* LBBaiSiTests.xctest */ = {isa = PBXFileReference; explicitFileType = wrapper.cfbundle; includeInIndex = 0; path = LBBaiSiTests.xctest; sourceTree = BUILT_PRODUCTS_DIR; };
		3AFA7E7A1F64459000CC1D2D /* LBBaiSiTests.m */ = {isa = PBXFileReference; lastKnownFileType = sourcecode.c.objc; path = LBBaiSiTests.m; sourceTree = "<group>"; };
		3AFA7E7C1F64459000CC1D2D /* Info.plist */ = {isa = PBXFileReference; lastKnownFileType = text.plist.xml; path = Info.plist; sourceTree = "<group>"; };
		3AFA7E811F64459000CC1D2D /* LBBaiSiUITests.xctest */ = {isa = PBXFileReference; explicitFileType = wrapper.cfbundle; includeInIndex = 0; path = LBBaiSiUITests.xctest; sourceTree = BUILT_PRODUCTS_DIR; };
		3AFA7E851F64459000CC1D2D /* LBBaiSiUITests.m */ = {isa = PBXFileReference; lastKnownFileType = sourcecode.c.objc; path = LBBaiSiUITests.m; sourceTree = "<group>"; };
		3AFA7E871F64459000CC1D2D /* Info.plist */ = {isa = PBXFileReference; lastKnownFileType = text.plist.xml; path = Info.plist; sourceTree = "<group>"; };
		3AFA7E9B1F6450FB00CC1D2D /* LBBSTabBarController.h */ = {isa = PBXFileReference; fileEncoding = 4; lastKnownFileType = sourcecode.c.h; path = LBBSTabBarController.h; sourceTree = "<group>"; };
		3AFA7E9C1F6450FB00CC1D2D /* LBBSTabBarController.m */ = {isa = PBXFileReference; fileEncoding = 4; lastKnownFileType = sourcecode.c.objc; path = LBBSTabBarController.m; sourceTree = "<group>"; };
/* End PBXFileReference section */

/* Begin PBXFrameworksBuildPhase section */
		3AFA7E5A1F64459000CC1D2D /* Frameworks */ = {
			isa = PBXFrameworksBuildPhase;
			buildActionMask = 2147483647;
			files = (
			);
			runOnlyForDeploymentPostprocessing = 0;
		};
		3AFA7E731F64459000CC1D2D /* Frameworks */ = {
			isa = PBXFrameworksBuildPhase;
			buildActionMask = 2147483647;
			files = (
			);
			runOnlyForDeploymentPostprocessing = 0;
		};
		3AFA7E7E1F64459000CC1D2D /* Frameworks */ = {
			isa = PBXFrameworksBuildPhase;
			buildActionMask = 2147483647;
			files = (
			);
			runOnlyForDeploymentPostprocessing = 0;
		};
/* End PBXFrameworksBuildPhase section */

/* Begin PBXGroup section */
		3AFA7E541F64459000CC1D2D = {
			isa = PBXGroup;
			children = (
				3AFA7E5F1F64459000CC1D2D /* LBBaiSi */,
				3AFA7E791F64459000CC1D2D /* LBBaiSiTests */,
				3AFA7E841F64459000CC1D2D /* LBBaiSiUITests */,
				3AFA7E5E1F64459000CC1D2D /* Products */,
			);
			sourceTree = "<group>";
		};
		3AFA7E5E1F64459000CC1D2D /* Products */ = {
			isa = PBXGroup;
			children = (
				3AFA7E5D1F64459000CC1D2D /* LBBaiSi.app */,
				3AFA7E761F64459000CC1D2D /* LBBaiSiTests.xctest */,
				3AFA7E811F64459000CC1D2D /* LBBaiSiUITests.xctest */,
			);
			name = Products;
			sourceTree = "<group>";
		};
		3AFA7E5F1F64459000CC1D2D /* LBBaiSi */ = {
			isa = PBXGroup;
			children = (
				3AFA7E631F64459000CC1D2D /* AppDelegate.h */,
				3AFA7E641F64459000CC1D2D /* AppDelegate.m */,
				3AFA7E961F6450C400CC1D2D /* classes */,
				3AFA7E691F64459000CC1D2D /* Main.storyboard */,
				3AFA7E6C1F64459000CC1D2D /* Assets.xcassets */,
				3AFA7E6E1F64459000CC1D2D /* LaunchScreen.storyboard */,
				3AFA7E711F64459000CC1D2D /* Info.plist */,
				3AFA7E601F64459000CC1D2D /* Supporting Files */,
			);
			path = LBBaiSi;
			sourceTree = "<group>";
		};
		3AFA7E601F64459000CC1D2D /* Supporting Files */ = {
			isa = PBXGroup;
			children = (
				3AFA7E611F64459000CC1D2D /* main.m */,
			);
			name = "Supporting Files";
			sourceTree = "<group>";
		};
		3AFA7E791F64459000CC1D2D /* LBBaiSiTests */ = {
			isa = PBXGroup;
			children = (
				3AFA7E7A1F64459000CC1D2D /* LBBaiSiTests.m */,
				3AFA7E7C1F64459000CC1D2D /* Info.plist */,
			);
			path = LBBaiSiTests;
			sourceTree = "<group>";
		};
		3AFA7E841F64459000CC1D2D /* LBBaiSiUITests */ = {
			isa = PBXGroup;
			children = (
				3AFA7E851F64459000CC1D2D /* LBBaiSiUITests.m */,
				3AFA7E871F64459000CC1D2D /* Info.plist */,
			);
			path = LBBaiSiUITests;
			sourceTree = "<group>";
		};
		3AFA7E961F6450C400CC1D2D /* classes */ = {
			isa = PBXGroup;
			children = (
				3AFA7E971F6450C400CC1D2D /* controller */,
				3AFA7E991F6450C400CC1D2D /* model */,
				3AFA7E9A1F6450C400CC1D2D /* view */,
			);
			path = classes;
			sourceTree = "<group>";
		};
		3AFA7E971F6450C400CC1D2D /* controller */ = {
			isa = PBXGroup;
			children = (
				3AFA7E981F6450C400CC1D2D /* main */,
			);
			path = controller;
			sourceTree = "<group>";
		};
		3AFA7E981F6450C400CC1D2D /* main */ = {
			isa = PBXGroup;
			children = (
				3AFA7E9B1F6450FB00CC1D2D /* LBBSTabBarController.h */,
				3AFA7E9C1F6450FB00CC1D2D /* LBBSTabBarController.m */,
			);
			path = main;
			sourceTree = "<group>";
		};
		3AFA7E991F6450C400CC1D2D /* model */ = {
			isa = PBXGroup;
			children = (
			);
			path = model;
			sourceTree = "<group>";
		};
		3AFA7E9A1F6450C400CC1D2D /* view */ = {
			isa = PBXGroup;
			children = (
			);
			path = view;
			sourceTree = "<group>";
		};
/* End PBXGroup section */

/* Begin PBXNativeTarget section */
		3AFA7E5C1F64459000CC1D2D /* LBBaiSi */ = {
			isa = PBXNativeTarget;
			buildConfigurationList = 3AFA7E8A1F64459000CC1D2D /* Build configuration list for PBXNativeTarget "LBBaiSi" */;
			buildPhases = (
				3AFA7E591F64459000CC1D2D /* Sources */,
				3AFA7E5A1F64459000CC1D2D /* Frameworks */,
				3AFA7E5B1F64459000CC1D2D /* Resources */,
			);
			buildRules = (
			);
			dependencies = (
			);
			name = LBBaiSi;
			productName = LBBaiSi;
			productReference = 3AFA7E5D1F64459000CC1D2D /* LBBaiSi.app */;
			productType = "com.apple.product-type.application";
		};
		3AFA7E751F64459000CC1D2D /* LBBaiSiTests */ = {
			isa = PBXNativeTarget;
			buildConfigurationList = 3AFA7E8D1F64459000CC1D2D /* Build configuration list for PBXNativeTarget "LBBaiSiTests" */;
			buildPhases = (
				3AFA7E721F64459000CC1D2D /* Sources */,
				3AFA7E731F64459000CC1D2D /* Frameworks */,
				3AFA7E741F64459000CC1D2D /* Resources */,
			);
			buildRules = (
			);
			dependencies = (
				3AFA7E781F64459000CC1D2D /* PBXTargetDependency */,
			);
			name = LBBaiSiTests;
			productName = LBBaiSiTests;
			productReference = 3AFA7E761F64459000CC1D2D /* LBBaiSiTests.xctest */;
			productType = "com.apple.product-type.bundle.unit-test";
		};
		3AFA7E801F64459000CC1D2D /* LBBaiSiUITests */ = {
			isa = PBXNativeTarget;
			buildConfigurationList = 3AFA7E901F64459000CC1D2D /* Build configuration list for PBXNativeTarget "LBBaiSiUITests" */;
			buildPhases = (
				3AFA7E7D1F64459000CC1D2D /* Sources */,
				3AFA7E7E1F64459000CC1D2D /* Frameworks */,
				3AFA7E7F1F64459000CC1D2D /* Resources */,
			);
			buildRules = (
			);
			dependencies = (
				3AFA7E831F64459000CC1D2D /* PBXTargetDependency */,
			);
			name = LBBaiSiUITests;
			productName = LBBaiSiUITests;
			productReference = 3AFA7E811F64459000CC1D2D /* LBBaiSiUITests.xctest */;
			productType = "com.apple.product-type.bundle.ui-testing";
		};
/* End PBXNativeTarget section */

/* Begin PBXProject section */
		3AFA7E551F64459000CC1D2D /* Project object */ = {
			isa = PBXProject;
			attributes = {
				CLASSPREFIX = LBBS;
				LastUpgradeCheck = 0830;
				ORGANIZATIONNAME = liubo;
				TargetAttributes = {
					3AFA7E5C1F64459000CC1D2D = {
						CreatedOnToolsVersion = 8.3.3;
						DevelopmentTeam = 9266GAZZ3C;
						ProvisioningStyle = Automatic;
					};
					3AFA7E751F64459000CC1D2D = {
						CreatedOnToolsVersion = 8.3.3;
						ProvisioningStyle = Automatic;
						TestTargetID = 3AFA7E5C1F64459000CC1D2D;
					};
					3AFA7E801F64459000CC1D2D = {
						CreatedOnToolsVersion = 8.3.3;
						ProvisioningStyle = Automatic;
						TestTargetID = 3AFA7E5C1F64459000CC1D2D;
					};
				};
			};
			buildConfigurationList = 3AFA7E581F64459000CC1D2D /* Build configuration list for PBXProject "LBBaiSi" */;
			compatibilityVersion = "Xcode 3.2";
			developmentRegion = English;
			hasScannedForEncodings = 0;
			knownRegions = (
				en,
				Base,
			);
			mainGroup = 3AFA7E541F64459000CC1D2D;
			productRefGroup = 3AFA7E5E1F64459000CC1D2D /* Products */;
			projectDirPath = "";
			projectRoot = "";
			targets = (
				3AFA7E5C1F64459000CC1D2D /* LBBaiSi */,
				3AFA7E751F64459000CC1D2D /* LBBaiSiTests */,
				3AFA7E801F64459000CC1D2D /* LBBaiSiUITests */,
			);
		};
/* End PBXProject section */

/* Begin PBXResourcesBuildPhase section */
		3AFA7E5B1F64459000CC1D2D /* Resources */ = {
			isa = PBXResourcesBuildPhase;
			buildActionMask = 2147483647;
			files = (
				3AFA7E701F64459000CC1D2D /* LaunchScreen.storyboard in Resources */,
				3AFA7E6D1F64459000CC1D2D /* Assets.xcassets in Resources */,
				3AFA7E6B1F64459000CC1D2D /* Main.storyboard in Resources */,
			);
			runOnlyForDeploymentPostprocessing = 0;
		};
		3AFA7E741F64459000CC1D2D /* Resources */ = {
			isa = PBXResourcesBuildPhase;
			buildActionMask = 2147483647;
			files = (
			);
			runOnlyForDeploymentPostprocessing = 0;
		};
		3AFA7E7F1F64459000CC1D2D /* Resources */ = {
			isa = PBXResourcesBuildPhase;
			buildActionMask = 2147483647;
			files = (
			);
			runOnlyForDeploymentPostprocessing = 0;
		};
/* End PBXResourcesBuildPhase section */

/* Begin PBXSourcesBuildPhase section */
		3AFA7E591F64459000CC1D2D /* Sources */ = {
			isa = PBXSourcesBuildPhase;
			buildActionMask = 2147483647;
			files = (
				3AFA7E9D1F6450FB00CC1D2D /* LBBSTabBarController.m in Sources */,
				3AFA7E651F64459000CC1D2D /* AppDelegate.m in Sources */,
				3AFA7E621F64459000CC1D2D /* main.m in Sources */,
			);
			runOnlyForDeploymentPostprocessing = 0;
		};
		3AFA7E721F64459000CC1D2D /* Sources */ = {
			isa = PBXSourcesBuildPhase;
			buildActionMask = 2147483647;
			files = (
				3AFA7E7B1F64459000CC1D2D /* LBBaiSiTests.m in Sources */,
			);
			runOnlyForDeploymentPostprocessing = 0;
		};
		3AFA7E7D1F64459000CC1D2D /* Sources */ = {
			isa = PBXSourcesBuildPhase;
			buildActionMask = 2147483647;
			files = (
				3AFA7E861F64459000CC1D2D /* LBBaiSiUITests.m in Sources */,
			);
			runOnlyForDeploymentPostprocessing = 0;
		};
/* End PBXSourcesBuildPhase section */

/* Begin PBXTargetDependency section */
		3AFA7E781F64459000CC1D2D /* PBXTargetDependency */ = {
			isa = PBXTargetDependency;
			target = 3AFA7E5C1F64459000CC1D2D /* LBBaiSi */;
			targetProxy = 3AFA7E771F64459000CC1D2D /* PBXContainerItemProxy */;
		};
		3AFA7E831F64459000CC1D2D /* PBXTargetDependency */ = {
			isa = PBXTargetDependency;
			target = 3AFA7E5C1F64459000CC1D2D /* LBBaiSi */;
			targetProxy = 3AFA7E821F64459000CC1D2D /* PBXContainerItemProxy */;
		};
/* End PBXTargetDependency section */

/* Begin PBXVariantGroup section */
		3AFA7E691F64459000CC1D2D /* Main.storyboard */ = {
			isa = PBXVariantGroup;
			children = (
				3AFA7E6A1F64459000CC1D2D /* Base */,
			);
			name = Main.storyboard;
			sourceTree = "<group>";
		};
		3AFA7E6E1F64459000CC1D2D /* LaunchScreen.storyboard */ = {
			isa = PBXVariantGroup;
			children = (
				3AFA7E6F1F64459000CC1D2D /* Base */,
			);
			name = LaunchScreen.storyboard;
			sourceTree = "<group>";
		};
/* End PBXVariantGroup section */

/* Begin XCBuildConfiguration section */
		3AFA7E881F64459000CC1D2D /* Debug */ = {
			isa = XCBuildConfiguration;
			buildSettings = {
				ALWAYS_SEARCH_USER_PATHS = NO;
				CLANG_ANALYZER_NONNULL = YES;
				CLANG_ANALYZER_NUMBER_OBJECT_CONVERSION = YES_AGGRESSIVE;
				CLANG_CXX_LANGUAGE_STANDARD = "gnu++0x";
				CLANG_CXX_LIBRARY = "libc++";
				CLANG_ENABLE_MODULES = YES;
				CLANG_ENABLE_OBJC_ARC = YES;
				CLANG_WARN_BOOL_CONVERSION = YES;
				CLANG_WARN_CONSTANT_CONVERSION = YES;
				CLANG_WARN_DIRECT_OBJC_ISA_USAGE = YES_ERROR;
				CLANG_WARN_DOCUMENTATION_COMMENTS = YES;
				CLANG_WARN_EMPTY_BODY = YES;
				CLANG_WARN_ENUM_CONVERSION = YES;
				CLANG_WARN_INFINITE_RECURSION = YES;
				CLANG_WARN_INT_CONVERSION = YES;
				CLANG_WARN_OBJC_ROOT_CLASS = YES_ERROR;
				CLANG_WARN_SUSPICIOUS_MOVE = YES;
				CLANG_WARN_UNREACHABLE_CODE = YES;
				CLANG_WARN__DUPLICATE_METHOD_MATCH = YES;
				"CODE_SIGN_IDENTITY[sdk=iphoneos*]" = "iPhone Developer";
				COPY_PHASE_STRIP = NO;
				DEBUG_INFORMATION_FORMAT = dwarf;
				ENABLE_STRICT_OBJC_MSGSEND = YES;
				ENABLE_TESTABILITY = YES;
				GCC_C_LANGUAGE_STANDARD = gnu99;
				GCC_DYNAMIC_NO_PIC = NO;
				GCC_NO_COMMON_BLOCKS = YES;
				GCC_OPTIMIZATION_LEVEL = 0;
				GCC_PREPROCESSOR_DEFINITIONS = (
					"DEBUG=1",
					"$(inherited)",
				);
				GCC_WARN_64_TO_32_BIT_CONVERSION = YES;
				GCC_WARN_ABOUT_RETURN_TYPE = YES_ERROR;
				GCC_WARN_UNDECLARED_SELECTOR = YES;
				GCC_WARN_UNINITIALIZED_AUTOS = YES_AGGRESSIVE;
				GCC_WARN_UNUSED_FUNCTION = YES;
				GCC_WARN_UNUSED_VARIABLE = YES;
				IPHONEOS_DEPLOYMENT_TARGET = 10.3;
				MTL_ENABLE_DEBUG_INFO = YES;
				ONLY_ACTIVE_ARCH = YES;
				SDKROOT = iphoneos;
			};
			name = Debug;
		};
		3AFA7E891F64459000CC1D2D /* Release */ = {
			isa = XCBuildConfiguration;
			buildSettings = {
				ALWAYS_SEARCH_USER_PATHS = NO;
				CLANG_ANALYZER_NONNULL = YES;
				CLANG_ANALYZER_NUMBER_OBJECT_CONVERSION = YES_AGGRESSIVE;
				CLANG_CXX_LANGUAGE_STANDARD = "gnu++0x";
				CLANG_CXX_LIBRARY = "libc++";
				CLANG_ENABLE_MODULES = YES;
				CLANG_ENABLE_OBJC_ARC = YES;
				CLANG_WARN_BOOL_CONVERSION = YES;
				CLANG_WARN_CONSTANT_CONVERSION = YES;
				CLANG_WARN_DIRECT_OBJC_ISA_USAGE = YES_ERROR;
				CLANG_WARN_DOCUMENTATION_COMMENTS = YES;
				CLANG_WARN_EMPTY_BODY = YES;
				CLANG_WARN_ENUM_CONVERSION = YES;
				CLANG_WARN_INFINITE_RECURSION = YES;
				CLANG_WARN_INT_CONVERSION = YES;
				CLANG_WARN_OBJC_ROOT_CLASS = YES_ERROR;
				CLANG_WARN_SUSPICIOUS_MOVE = YES;
				CLANG_WARN_UNREACHABLE_CODE = YES;
				CLANG_WARN__DUPLICATE_METHOD_MATCH = YES;
				"CODE_SIGN_IDENTITY[sdk=iphoneos*]" = "iPhone Developer";
				COPY_PHASE_STRIP = NO;
				DEBUG_INFORMATION_FORMAT = "dwarf-with-dsym";
				ENABLE_NS_ASSERTIONS = NO;
				ENABLE_STRICT_OBJC_MSGSEND = YES;
				GCC_C_LANGUAGE_STANDARD = gnu99;
				GCC_NO_COMMON_BLOCKS = YES;
				GCC_WARN_64_TO_32_BIT_CONVERSION = YES;
				GCC_WARN_ABOUT_RETURN_TYPE = YES_ERROR;
				GCC_WARN_UNDECLARED_SELECTOR = YES;
				GCC_WARN_UNINITIALIZED_AUTOS = YES_AGGRESSIVE;
				GCC_WARN_UNUSED_FUNCTION = YES;
				GCC_WARN_UNUSED_VARIABLE = YES;
				IPHONEOS_DEPLOYMENT_TARGET = 10.3;
				MTL_ENABLE_DEBUG_INFO = NO;
				SDKROOT = iphoneos;
				VALIDATE_PRODUCT = YES;
			};
			name = Release;
		};
		3AFA7E8B1F64459000CC1D2D /* Debug */ = {
			isa = XCBuildConfiguration;
			buildSettings = {
				ASSETCATALOG_COMPILER_APPICON_NAME = AppIcon;
				ASSETCATALOG_COMPILER_LAUNCHIMAGE_NAME = LaunchImage;
				DEVELOPMENT_TEAM = 9266GAZZ3C;
				INFOPLIST_FILE = LBBaiSi/Info.plist;
				IPHONEOS_DEPLOYMENT_TARGET = 8.0;
				LD_RUNPATH_SEARCH_PATHS = "$(inherited) @executable_path/Frameworks";
				PRODUCT_BUNDLE_IDENTIFIER = liubo.LBBaiSi;
				PRODUCT_NAME = "$(TARGET_NAME)";
			};
			name = Debug;
		};
		3AFA7E8C1F64459000CC1D2D /* Release */ = {
			isa = XCBuildConfiguration;
			buildSettings = {
				ASSETCATALOG_COMPILER_APPICON_NAME = AppIcon;
				ASSETCATALOG_COMPILER_LAUNCHIMAGE_NAME = LaunchImage;
				DEVELOPMENT_TEAM = 9266GAZZ3C;
				INFOPLIST_FILE = LBBaiSi/Info.plist;
				IPHONEOS_DEPLOYMENT_TARGET = 8.0;
				LD_RUNPATH_SEARCH_PATHS = "$(inherited) @executable_path/Frameworks";
				PRODUCT_BUNDLE_IDENTIFIER = liubo.LBBaiSi;
				PRODUCT_NAME = "$(TARGET_NAME)";
			};
			name = Release;
		};
		3AFA7E8E1F64459000CC1D2D /* Debug */ = {
			isa = XCBuildConfiguration;
			buildSettings = {
				BUNDLE_LOADER = "$(TEST_HOST)";
				INFOPLIST_FILE = LBBaiSiTests/Info.plist;
				LD_RUNPATH_SEARCH_PATHS = "$(inherited) @executable_path/Frameworks @loader_path/Frameworks";
				PRODUCT_BUNDLE_IDENTIFIER = liubo.LBBaiSiTests;
				PRODUCT_NAME = "$(TARGET_NAME)";
				TEST_HOST = "$(BUILT_PRODUCTS_DIR)/LBBaiSi.app/LBBaiSi";
			};
			name = Debug;
		};
		3AFA7E8F1F64459000CC1D2D /* Release */ = {
			isa = XCBuildConfiguration;
			buildSettings = {
				BUNDLE_LOADER = "$(TEST_HOST)";
				INFOPLIST_FILE = LBBaiSiTests/Info.plist;
				LD_RUNPATH_SEARCH_PATHS = "$(inherited) @executable_path/Frameworks @loader_path/Frameworks";
				PRODUCT_BUNDLE_IDENTIFIER = liubo.LBBaiSiTests;
				PRODUCT_NAME = "$(TARGET_NAME)";
				TEST_HOST = "$(BUILT_PRODUCTS_DIR)/LBBaiSi.app/LBBaiSi";
			};
			name = Release;
		};
		3AFA7E911F64459000CC1D2D /* Debug */ = {
			isa = XCBuildConfiguration;
			buildSettings = {
				INFOPLIST_FILE = LBBaiSiUITests/Info.plist;
				LD_RUNPATH_SEARCH_PATHS = "$(inherited) @executable_path/Frameworks @loader_path/Frameworks";
				PRODUCT_BUNDLE_IDENTIFIER = liubo.LBBaiSiUITests;
				PRODUCT_NAME = "$(TARGET_NAME)";
				TEST_TARGET_NAME = LBBaiSi;
			};
			name = Debug;
		};
		3AFA7E921F64459000CC1D2D /* Release */ = {
			isa = XCBuildConfiguration;
			buildSettings = {
				INFOPLIST_FILE = LBBaiSiUITests/Info.plist;
				LD_RUNPATH_SEARCH_PATHS = "$(inherited) @executable_path/Frameworks @loader_path/Frameworks";
				PRODUCT_BUNDLE_IDENTIFIER = liubo.LBBaiSiUITests;
				PRODUCT_NAME = "$(TARGET_NAME)";
				TEST_TARGET_NAME = LBBaiSi;
			};
			name = Release;
		};
/* End XCBuildConfiguration section */

/* Begin XCConfigurationList section */
		3AFA7E581F64459000CC1D2D /* Build configuration list for PBXProject "LBBaiSi" */ = {
			isa = XCConfigurationList;
			buildConfigurations = (
				3AFA7E881F64459000CC1D2D /* Debug */,
				3AFA7E891F64459000CC1D2D /* Release */,
			);
			defaultConfigurationIsVisible = 0;
			defaultConfigurationName = Release;
		};
		3AFA7E8A1F64459000CC1D2D /* Build configuration list for PBXNativeTarget "LBBaiSi" */ = {
			isa = XCConfigurationList;
			buildConfigurations = (
				3AFA7E8B1F64459000CC1D2D /* Debug */,
				3AFA7E8C1F64459000CC1D2D /* Release */,
			);
			defaultConfigurationIsVisible = 0;
		};
		3AFA7E8D1F64459000CC1D2D /* Build configuration list for PBXNativeTarget "LBBaiSiTests" */ = {
			isa = XCConfigurationList;
			buildConfigurations = (
				3AFA7E8E1F64459000CC1D2D /* Debug */,
				3AFA7E8F1F64459000CC1D2D /* Release */,
			);
			defaultConfigurationIsVisible = 0;
		};
		3AFA7E901F64459000CC1D2D /* Build configuration list for PBXNativeTarget "LBBaiSiUITests" */ = {
			isa = XCConfigurationList;
			buildConfigurations = (
				3AFA7E911F64459000CC1D2D /* Debug */,
				3AFA7E921F64459000CC1D2D /* Release */,
			);
			defaultConfigurationIsVisible = 0;
		};
/* End XCConfigurationList section */
	};
	rootObject = 3AFA7E551F64459000CC1D2D /* Project object */;
}
